schema: '2.0'
stages:
  prepare:
    cmd: python src/prepare.py
    deps:
    - path: src/prepare.py
      hash: md5
      md5: d1a9fddb97d8045ea2b2a9ea620314a1
      size: 368
    outs:
    - path: data/raw
      hash: md5
      md5: b20cf19f5ad39e1e8cc03287fe837c85.dir
      size: 54951002
      nfiles: 1
  preprocess:
    cmd: python src/preprocess.py
    deps:
    - path: data/raw
      hash: md5
      md5: b20cf19f5ad39e1e8cc03287fe837c85.dir
      size: 54951002
      nfiles: 1
    - path: src/preprocess.py
      hash: md5
      md5: 10885f95a3d793b9830b13956ea990e9
      size: 773
    params:
      params.yaml:
        preprocess.seed: 42
        preprocess.test_size: 0.2
    outs:
    - path: data/processed
      hash: md5
      md5: e6cc7c2abfc0543affb96f40c4fbeb7e.dir
      size: 54951486
      nfiles: 1
  train:
    cmd: python src/train.py
    deps:
    - path: data/processed
      hash: md5
      md5: e6cc7c2abfc0543affb96f40c4fbeb7e.dir
      size: 54951486
      nfiles: 1
    - path: src/train.py
      hash: md5
      md5: f8856e806dc1789f2606b3bfc3329891
      size: 1068
    params:
      params.yaml:
        train.batch_size: 32
        train.dense_units: 256
        train.dropout_rate: 0.2
        train.epochs: 10
        train.learning_rate: 0.001
    outs:
    - path: models/history.csv
      hash: md5
      md5: c4f0ee20c48a02d95e9a665d85f8c687
      size: 841
    - path: models/model.h5
      hash: md5
      md5: 5552da3b8dc600b262447b8df0d3b356
      size: 2466904
  evaluate:
    cmd: python src/evaluate.py
    deps:
    - path: data/processed
      hash: md5
      md5: e6cc7c2abfc0543affb96f40c4fbeb7e.dir
      size: 54951486
      nfiles: 1
    - path: models/model.h5
      hash: md5
      md5: 5552da3b8dc600b262447b8df0d3b356
      size: 2466904
    - path: src/evaluate.py
      hash: md5
      md5: 408d9c50d148cfe2ac5b845bca124072
      size: 752
    outs:
    - path: confusion_matrix.png
      hash: md5
      md5: 011084b811f7b27aa4ee8ae570bd9ed4
      size: 45529
    - path: metrics.json
      hash: md5
      md5: dd3403a3790a11cff89ddd8d31dbe16c
      size: 79
